// !$*UTF8*$!
{
	archiveVersion = 1;
	classes = {
	};
	objectVersion = 77;
	objects = {

/* Begin PBXContainerItemProxy section */
		AFD6D3252DB2520E00318758 /* PBXContainerItemProxy */ = {
			isa = PBXContainerItemProxy;
			containerPortal = AFD6D3032DB2520D00318758 /* Project object */;
			proxyType = 1;
			remoteGlobalIDString = AFD6D30A2DB2520D00318758;
			remoteInfo = Test001;
		};
		AFD6D32F2DB2520E00318758 /* PBXContainerItemProxy */ = {
			isa = PBXContainerItemProxy;
			containerPortal = AFD6D3032DB2520D00318758 /* Project object */;
			proxyType = 1;
			remoteGlobalIDString = AFD6D30A2DB2520D00318758;
			remoteInfo = Test001;
		};
/* End PBXContainerItemProxy section */

/* Begin PBXFileReference section */
		AFD6D30B2DB2520D00318758 /* Test001.app */ = {isa = PBXFileReference; explicitFileType = wrapper.application; includeInIndex = 0; path = Test001.app; sourceTree = BUILT_PRODUCTS_DIR; };
		AFD6D3242DB2520E00318758 /* Test001Tests.xctest */ = {isa = PBXFileReference; explicitFileType = wrapper.cfbundle; includeInIndex = 0; path = Test001Tests.xctest; sourceTree = BUILT_PRODUCTS_DIR; };
		AFD6D32E2DB2520E00318758 /* Test001UITests.xctest */ = {isa = PBXFileReference; explicitFileType = wrapper.cfbundle; includeInIndex = 0; path = Test001UITests.xctest; sourceTree = BUILT_PRODUCTS_DIR; };
/* End PBXFileReference section */

/* Begin PBXFileSystemSynchronizedRootGroup section */
		AFD6D30D2DB2520D00318758 /* Test001 */ = {
			isa = PBXFileSystemSynchronizedRootGroup;
			path = Test001;
			sourceTree = "<group>";
		};
		AFD6D3272DB2520E00318758 /* Test001Tests */ = {
			isa = PBXFileSystemSynchronizedRootGroup;
			path = Test001Tests;
			sourceTree = "<group>";
		};
		AFD6D3312DB2520E00318758 /* Test001UITests */ = {
			isa = PBXFileSystemSynchronizedRootGroup;
			path = Test001UITests;
			sourceTree = "<group>";
		};
/* End PBXFileSystemSynchronizedRootGroup section */

/* Begin PBXFrameworksBuildPhase section */
		AFD6D3082DB2520D00318758 /* Frameworks */ = {
			isa = PBXFrameworksBuildPhase;
			buildActionMask = 2147483647;
			files = (
			);
			runOnlyForDeploymentPostprocessing = 0;
		};
		AFD6D3212DB2520E00318758 /* Frameworks */ = {
			isa = PBXFrameworksBuildPhase;
			buildActionMask = 2147483647;
			files = (
			);
			runOnlyForDeploymentPostprocessing = 0;
		};
		AFD6D32B2DB2520E00318758 /* Frameworks */ = {
			isa = PBXFrameworksBuildPhase;
			buildActionMask = 2147483647;
			files = (
			);
			runOnlyForDeploymentPostprocessing = 0;
		};
/* End PBXFrameworksBuildPhase section */

/* Begin PBXGroup section */
		AFD6D3022DB2520D00318758 = {
			isa = PBXGroup;
			children = (
				AFD6D30D2DB2520D00318758 /* Test001 */,
				AFD6D3272DB2520E00318758 /* Test001Tests */,
				AFD6D3312DB2520E00318758 /* Test001UITests */,
				AFD6D30C2DB2520D00318758 /* Products */,
			);
			sourceTree = "<group>";
		};
		AFD6D30C2DB2520D00318758 /* Products */ = {
			isa = PBXGroup;
			children = (
				AFD6D30B2DB2520D00318758 /* Test001.app */,
				AFD6D3242DB2520E00318758 /* Test001Tests.xctest */,
				AFD6D32E2DB2520E00318758 /* Test001UITests.xctest */,
			);
			name = Products;
			sourceTree = "<group>";
		};
/* End PBXGroup section */

/* Begin PBXNativeTarget section */
		AFD6D30A2DB2520D00318758 /* Test001 */ = {
			isa = PBXNativeTarget;
			buildConfigurationList = AFD6D3382DB2520E00318758 /* Build configuration list for PBXNativeTarget "Test001" */;
			buildPhases = (
				AFD6D3072DB2520D00318758 /* Sources */,
				AFD6D3082DB2520D00318758 /* Frameworks */,
				AFD6D3092DB2520D00318758 /* Resources */,
			);
			buildRules = (
			);
			dependencies = (
			);
			fileSystemSynchronizedGroups = (
				AFD6D30D2DB2520D00318758 /* Test001 */,
			);
			name = Test001;
			packageProductDependencies = (
			);
			productName = Test001;
			productReference = AFD6D30B2DB2520D00318758 /* Test001.app */;
			productType = "com.apple.product-type.application";
		};
		AFD6D3232DB2520E00318758 /* Test001Tests */ = {
			isa = PBXNativeTarget;
			buildConfigurationList = AFD6D33B2DB2520E00318758 /* Build configuration list for PBXNativeTarget "Test001Tests" */;
			buildPhases = (
				AFD6D3202DB2520E00318758 /* Sources */,
				AFD6D3212DB2520E00318758 /* Frameworks */,
				AFD6D3222DB2520E00318758 /* Resources */,
			);
			buildRules = (
			);
			dependencies = (
				AFD6D3262DB2520E00318758 /* PBXTargetDependency */,
			);
			fileSystemSynchronizedGroups = (
				AFD6D3272DB2520E00318758 /* Test001Tests */,
			);
			name = Test001Tests;
			packageProductDependencies = (
			);
			productName = Test001Tests;
			productReference = AFD6D3242DB2520E00318758 /* Test001Tests.xctest */;
			productType = "com.apple.product-type.bundle.unit-test";
		};
		AFD6D32D2DB2520E00318758 /* Test001UITests */ = {
			isa = PBXNativeTarget;
			buildConfigurationList = AFD6D33E2DB2520E00318758 /* Build configuration list for PBXNativeTarget "Test001UITests" */;
			buildPhases = (
				AFD6D32A2DB2520E00318758 /* Sources */,
				AFD6D32B2DB2520E00318758 /* Frameworks */,
				AFD6D32C2DB2520E00318758 /* Resources */,
			);
			buildRules = (
			);
			dependencies = (
				AFD6D3302DB2520E00318758 /* PBXTargetDependency */,
			);
			fileSystemSynchronizedGroups = (
				AFD6D3312DB2520E00318758 /* Test001UITests */,
			);
			name = Test001UITests;
			packageProductDependencies = (
			);
			productName = Test001UITests;
			productReference = AFD6D32E2DB2520E00318758 /* Test001UITests.xctest */;
			productType = "com.apple.product-type.bundle.ui-testing";
		};
/* End PBXNativeTarget section */

/* Begin PBXProject section */
		AFD6D3032DB2520D00318758 /* Project object */ = {
			isa = PBXProject;
			attributes = {
				BuildIndependentTargetsInParallel = 1;
				LastSwiftUpdateCheck = 1620;
				LastUpgradeCheck = 1620;
				TargetAttributes = {
					AFD6D30A2DB2520D00318758 = {
						CreatedOnToolsVersion = 16.2;
					};
					AFD6D3232DB2520E00318758 = {
						CreatedOnToolsVersion = 16.2;
						TestTargetID = AFD6D30A2DB2520D00318758;
					};
					AFD6D32D2DB2520E00318758 = {
						CreatedOnToolsVersion = 16.2;
						TestTargetID = AFD6D30A2DB2520D00318758;
					};
				};
			};
			buildConfigurationList = AFD6D3062DB2520D00318758 /* Build configuration list for PBXProject "Test001" */;
			developmentRegion = en;
			hasScannedForEncodings = 0;
			knownRegions = (
				en,
				Base,
			);
			mainGroup = AFD6D3022DB2520D00318758;
			minimizedProjectReferenceProxies = 1;
			preferredProjectObjectVersion = 77;
			productRefGroup = AFD6D30C2DB2520D00318758 /* Products */;
			projectDirPath = "";
			projectRoot = "";
			targets = (
				AFD6D30A2DB2520D00318758 /* Test001 */,
				AFD6D3232DB2520E00318758 /* Test001Tests */,
				AFD6D32D2DB2520E00318758 /* Test001UITests */,
			);
		};
/* End PBXProject section */

/* Begin PBXResourcesBuildPhase section */
		AFD6D3092DB2520D00318758 /* Resources */ = {
			isa = PBXResourcesBuildPhase;
			buildActionMask = 2147483647;
			files = (
			);
			runOnlyForDeploymentPostprocessing = 0;
		};
		AFD6D3222DB2520E00318758 /* Resources */ = {
			isa = PBXResourcesBuildPhase;
			buildActionMask = 2147483647;
			files = (
			);
			runOnlyForDeploymentPostprocessing = 0;
		};
		AFD6D32C2DB2520E00318758 /* Resources */ = {
			isa = PBXResourcesBuildPhase;
			buildActionMask = 2147483647;
			files = (
			);
			runOnlyForDeploymentPostprocessing = 0;
		};
/* End PBXResourcesBuildPhase section */

/* Begin PBXSourcesBuildPhase section */
		AFD6D3072DB2520D00318758 /* Sources */ = {
			isa = PBXSourcesBuildPhase;
			buildActionMask = 2147483647;
			files = (
			);
			runOnlyForDeploymentPostprocessing = 0;
		};
		AFD6D3202DB2520E00318758 /* Sources */ = {
			isa = PBXSourcesBuildPhase;
			buildActionMask = 2147483647;
			files = (
			);
			runOnlyForDeploymentPostprocessing = 0;
		};
		AFD6D32A2DB2520E00318758 /* Sources */ = {
			isa = PBXSourcesBuildPhase;
			buildActionMask = 2147483647;
			files = (
			);
			runOnlyForDeploymentPostprocessing = 0;
		};
/* End PBXSourcesBuildPhase section */

/* Begin PBXTargetDependency section */
		AFD6D3262DB2520E00318758 /* PBXTargetDependency */ = {
			isa = PBXTargetDependency;
			target = AFD6D30A2DB2520D00318758 /* Test001 */;
			targetProxy = AFD6D3252DB2520E00318758 /* PBXContainerItemProxy */;
		};
		AFD6D3302DB2520E00318758 /* PBXTargetDependency */ = {
			isa = PBXTargetDependency;
			target = AFD6D30A2DB2520D00318758 /* Test001 */;
			targetProxy = AFD6D32F2DB2520E00318758 /* PBXContainerItemProxy */;
		};
/* End PBXTargetDependency section */

/* Begin XCBuildConfiguration section */
		AFD6D3362DB2520E00318758 /* Debug */ = {
			isa = XCBuildConfiguration;
			buildSettings = {
				ALWAYS_SEARCH_USER_PATHS = NO;
				ASSETCATALOG_COMPILER_GENERATE_SWIFT_ASSET_SYMBOL_EXTENSIONS = YES;
				CLANG_ANALYZER_NONNULL = YES;
				CLANG_ANALYZER_NUMBER_OBJECT_CONVERSION = YES_AGGRESSIVE;
				CLANG_CXX_LANGUAGE_STANDARD = "gnu++20";
				CLANG_ENABLE_MODULES = YES;
				CLANG_ENABLE_OBJC_ARC = YES;
				CLANG_ENABLE_OBJC_WEAK = YES;
				CLANG_WARN_BLOCK_CAPTURE_AUTORELEASING = YES;
				CLANG_WARN_BOOL_CONVERSION = YES;
				CLANG_WARN_COMMA = YES;
				CLANG_WARN_CONSTANT_CONVERSION = YES;
				CLANG_WARN_DEPRECATED_OBJC_IMPLEMENTATIONS = YES;
				CLANG_WARN_DIRECT_OBJC_ISA_USAGE = YES_ERROR;
				CLANG_WARN_DOCUMENTATION_COMMENTS = YES;
				CLANG_WARN_EMPTY_BODY = YES;
				CLANG_WARN_ENUM_CONVERSION = YES;
				CLANG_WARN_INFINITE_RECURSION = YES;
				CLANG_WARN_INT_CONVERSION = YES;
				CLANG_WARN_NON_LITERAL_NULL_CONVERSION = YES;
				CLANG_WARN_OBJC_IMPLICIT_RETAIN_SELF = YES;
				CLANG_WARN_OBJC_LITERAL_CONVERSION = YES;
				CLANG_WARN_OBJC_ROOT_CLASS = YES_ERROR;
				CLANG_WARN_QUOTED_INCLUDE_IN_FRAMEWORK_HEADER = YES;
				CLANG_WARN_RANGE_LOOP_ANALYSIS = YES;
				CLANG_WARN_STRICT_PROTOTYPES = YES;
				CLANG_WARN_SUSPICIOUS_MOVE = YES;
				CLANG_WARN_UNGUARDED_AVAILABILITY = YES_AGGRESSIVE;
				CLANG_WARN_UNREACHABLE_CODE = YES;
				CLANG_WARN__DUPLICATE_METHOD_MATCH = YES;
				COPY_PHASE_STRIP = NO;
				DEBUG_INFORMATION_FORMAT = dwarf;
				ENABLE_STRICT_OBJC_MSGSEND = YES;
				ENABLE_TESTABILITY = YES;
				ENABLE_USER_SCRIPT_SANDBOXING = YES;
				GCC_C_LANGUAGE_STANDARD = gnu17;
				GCC_DYNAMIC_NO_PIC = NO;
				GCC_NO_COMMON_BLOCKS = YES;
				GCC_OPTIMIZATION_LEVEL = 0;
				GCC_PREPROCESSOR_DEFINITIONS = (
					"DEBUG=1",
					"$(inherited)",
				);
				GCC_WARN_64_TO_32_BIT_CONVERSION = YES;
				GCC_WARN_ABOUT_RETURN_TYPE = YES_ERROR;
				GCC_WARN_UNDECLARED_SELECTOR = YES;
				GCC_WARN_UNINITIALIZED_AUTOS = YES_AGGRESSIVE;
				GCC_WARN_UNUSED_FUNCTION = YES;
				GCC_WARN_UNUSED_VARIABLE = YES;
				IPHONEOS_DEPLOYMENT_TARGET = 18.2;
				LOCALIZATION_PREFERS_STRING_CATALOGS = YES;
				MTL_ENABLE_DEBUG_INFO = INCLUDE_SOURCE;
				MTL_FAST_MATH = YES;
				ONLY_ACTIVE_ARCH = YES;
				SDKROOT = iphoneos;
				SWIFT_ACTIVE_COMPILATION_CONDITIONS = "DEBUG $(inherited)";
				SWIFT_OPTIMIZATION_LEVEL = "-Onone";
			};
			name = Debug;
		};
		AFD6D3372DB2520E00318758 /* Release */ = {
			isa = XCBuildConfiguration;
			buildSettings = {
				ALWAYS_SEARCH_USER_PATHS = NO;
				ASSETCATALOG_COMPILER_GENERATE_SWIFT_ASSET_SYMBOL_EXTENSIONS = YES;
				CLANG_ANALYZER_NONNULL = YES;
				CLANG_ANALYZER_NUMBER_OBJECT_CONVERSION = YES_AGGRESSIVE;
				CLANG_CXX_LANGUAGE_STANDARD = "gnu++20";
				CLANG_ENABLE_MODULES = YES;
				CLANG_ENABLE_OBJC_ARC = YES;
				CLANG_ENABLE_OBJC_WEAK = YES;
				CLANG_WARN_BLOCK_CAPTURE_AUTORELEASING = YES;
				CLANG_WARN_BOOL_CONVERSION = YES;
				CLANG_WARN_COMMA = YES;
				CLANG_WARN_CONSTANT_CONVERSION = YES;
				CLANG_WARN_DEPRECATED_OBJC_IMPLEMENTATIONS = YES;
				CLANG_WARN_DIRECT_OBJC_ISA_USAGE = YES_ERROR;
				CLANG_WARN_DOCUMENTATION_COMMENTS = YES;
				CLANG_WARN_EMPTY_BODY = YES;
				CLANG_WARN_ENUM_CONVERSION = YES;
				CLANG_WARN_INFINITE_RECURSION = YES;
				CLANG_WARN_INT_CONVERSION = YES;
				CLANG_WARN_NON_LITERAL_NULL_CONVERSION = YES;
				CLANG_WARN_OBJC_IMPLICIT_RETAIN_SELF = YES;
				CLANG_WARN_OBJC_LITERAL_CONVERSION = YES;
				CLANG_WARN_OBJC_ROOT_CLASS = YES_ERROR;
				CLANG_WARN_QUOTED_INCLUDE_IN_FRAMEWORK_HEADER = YES;
				CLANG_WARN_RANGE_LOOP_ANALYSIS = YES;
				CLANG_WARN_STRICT_PROTOTYPES = YES;
				CLANG_WARN_SUSPICIOUS_MOVE = YES;
				CLANG_WARN_UNGUARDED_AVAILABILITY = YES_AGGRESSIVE;
				CLANG_WARN_UNREACHABLE_CODE = YES;
				CLANG_WARN__DUPLICATE_METHOD_MATCH = YES;
				COPY_PHASE_STRIP = NO;
				DEBUG_INFORMATION_FORMAT = "dwarf-with-dsym";
				ENABLE_NS_ASSERTIONS = NO;
				ENABLE_STRICT_OBJC_MSGSEND = YES;
				ENABLE_USER_SCRIPT_SANDBOXING = YES;
				GCC_C_LANGUAGE_STANDARD = gnu17;
				GCC_NO_COMMON_BLOCKS = YES;
				GCC_WARN_64_TO_32_BIT_CONVERSION = YES;
				GCC_WARN_ABOUT_RETURN_TYPE = YES_ERROR;
				GCC_WARN_UNDECLARED_SELECTOR = YES;
				GCC_WARN_UNINITIALIZED_AUTOS = YES_AGGRESSIVE;
				GCC_WARN_UNUSED_FUNCTION = YES;
				GCC_WARN_UNUSED_VARIABLE = YES;
				IPHONEOS_DEPLOYMENT_TARGET = 18.2;
				LOCALIZATION_PREFERS_STRING_CATALOGS = YES;
				MTL_ENABLE_DEBUG_INFO = NO;
				MTL_FAST_MATH = YES;
				SDKROOT = iphoneos;
				SWIFT_COMPILATION_MODE = wholemodule;
				VALIDATE_PRODUCT = YES;
			};
			name = Release;
		};
		AFD6D3392DB2520E00318758 /* Debug */ = {
			isa = XCBuildConfiguration;
			buildSettings = {
				ASSETCATALOG_COMPILER_APPICON_NAME = AppIcon;
				ASSETCATALOG_COMPILER_GLOBAL_ACCENT_COLOR_NAME = AccentColor;
				CODE_SIGN_IDENTITY = "Apple Development";
				CODE_SIGN_STYLE = Automatic;
				CURRENT_PROJECT_VERSION = 1;
				DEVELOPMENT_TEAM = VPKGSM9283;
				GENERATE_INFOPLIST_FILE = YES;
				INFOPLIST_KEY_UIApplicationSupportsIndirectInputEvents = YES;
				INFOPLIST_KEY_UILaunchStoryboardName = LaunchScreen;
				INFOPLIST_KEY_UIMainStoryboardFile = Main;
				INFOPLIST_KEY_UIStatusBarHidden = YES;
				INFOPLIST_KEY_UISupportedInterfaceOrientations_iPad = "UIInterfaceOrientationPortrait UIInterfaceOrientationPortraitUpsideDown UIInterfaceOrientationLandscapeLeft UIInterfaceOrientationLandscapeRight";
				INFOPLIST_KEY_UISupportedInterfaceOrientations_iPhone = "UIInterfaceOrientationPortrait UIInterfaceOrientationLandscapeLeft UIInterfaceOrientationLandscapeRight";
				IPHONEOS_DEPLOYMENT_TARGET = 16.6;
				LD_RUNPATH_SEARCH_PATHS = (
					"$(inherited)",
					"@executable_path/Frameworks",
				);
				MARKETING_VERSION = 1.0;
				PRODUCT_BUNDLE_IDENTIFIER = com.pcowhill.Test001;
				PRODUCT_NAME = "$(TARGET_NAME)";
				PROVISIONING_PROFILE_SPECIFIER = "";
				SWIFT_EMIT_LOC_STRINGS = YES;
				SWIFT_VERSION = 5.0;
				TARGETED_DEVICE_FAMILY = "1,2";
			};
			name = Debug;
		};
		AFD6D33A2DB2520E00318758 /* Release */ = {
			isa = XCBuildConfiguration;
			buildSettings = {
				ASSETCATALOG_COMPILER_APPICON_NAME = AppIcon;
				ASSETCATALOG_COMPILER_GLOBAL_ACCENT_COLOR_NAME = AccentColor;
				CODE_SIGN_IDENTITY = "Apple Development";
				CODE_SIGN_STYLE = Automatic;
				CURRENT_PROJECT_VERSION = 1;
				DEVELOPMENT_TEAM = VPKGSM9283;
				GENERATE_INFOPLIST_FILE = YES;
				INFOPLIST_KEY_UIApplicationSupportsIndirectInputEvents = YES;
				INFOPLIST_KEY_UILaunchStoryboardName = LaunchScreen;
				INFOPLIST_KEY_UIMainStoryboardFile = Main;
				INFOPLIST_KEY_UIStatusBarHidden = YES;
				INFOPLIST_KEY_UISupportedInterfaceOrientations_iPad = "UIInterfaceOrientationPortrait UIInterfaceOrientationPortraitUpsideDown UIInterfaceOrientationLandscapeLeft UIInterfaceOrientationLandscapeRight";
				INFOPLIST_KEY_UISupportedInterfaceOrientations_iPhone = "UIInterfaceOrientationPortrait UIInterfaceOrientationLandscapeLeft UIInterfaceOrientationLandscapeRight";
				IPHONEOS_DEPLOYMENT_TARGET = 16.6;
				LD_RUNPATH_SEARCH_PATHS = (
					"$(inherited)",
					"@executable_path/Frameworks",
				);
				MARKETING_VERSION = 1.0;
				PRODUCT_BUNDLE_IDENTIFIER = com.pcowhill.Test001;
				PRODUCT_NAME = "$(TARGET_NAME)";
				PROVISIONING_PROFILE_SPECIFIER = "";
				SWIFT_EMIT_LOC_STRINGS = YES;
				SWIFT_VERSION = 5.0;
				TARGETED_DEVICE_FAMILY = "1,2";
			};
			name = Release;
		};
		AFD6D33C2DB2520E00318758 /* Debug */ = {
			isa = XCBuildConfiguration;
			buildSettings = {
				BUNDLE_LOADER = "$(TEST_HOST)";
				CODE_SIGN_STYLE = Automatic;
				CURRENT_PROJECT_VERSION = 1;
				GENERATE_INFOPLIST_FILE = YES;
				IPHONEOS_DEPLOYMENT_TARGET = 18.2;
				MARKETING_VERSION = 1.0;
				PRODUCT_BUNDLE_IDENTIFIER = com.pcowhill.Test001Tests;
				PRODUCT_NAME = "$(TARGET_NAME)";
				SWIFT_EMIT_LOC_STRINGS = NO;
				SWIFT_VERSION = 5.0;
				TARGETED_DEVICE_FAMILY = "1,2";
				TEST_HOST = "$(BUILT_PRODUCTS_DIR)/Test001.app/$(BUNDLE_EXECUTABLE_FOLDER_PATH)/Test001";
			};
			name = Debug;
		};
		AFD6D33D2DB2520E00318758 /* Release */ = {
			isa = XCBuildConfiguration;
			buildSettings = {
				BUNDLE_LOADER = "$(TEST_HOST)";
				CODE_SIGN_STYLE = Automatic;
				CURRENT_PROJECT_VERSION = 1;
				GENERATE_INFOPLIST_FILE = YES;
				IPHONEOS_DEPLOYMENT_TARGET = 18.2;
				MARKETING_VERSION = 1.0;
				PRODUCT_BUNDLE_IDENTIFIER = com.pcowhill.Test001Tests;
				PRODUCT_NAME = "$(TARGET_NAME)";
				SWIFT_EMIT_LOC_STRINGS = NO;
				SWIFT_VERSION = 5.0;
				TARGETED_DEVICE_FAMILY = "1,2";
				TEST_HOST = "$(BUILT_PRODUCTS_DIR)/Test001.app/$(BUNDLE_EXECUTABLE_FOLDER_PATH)/Test001";
			};
			name = Release;
		};
		AFD6D33F2DB2520E00318758 /* Debug */ = {
			isa = XCBuildConfiguration;
			buildSettings = {
				CODE_SIGN_STYLE = Automatic;
				CURRENT_PROJECT_VERSION = 1;
				GENERATE_INFOPLIST_FILE = YES;
				MARKETING_VERSION = 1.0;
				PRODUCT_BUNDLE_IDENTIFIER = com.pcowhill.Test001UITests;
				PRODUCT_NAME = "$(TARGET_NAME)";
				SWIFT_EMIT_LOC_STRINGS = NO;
				SWIFT_VERSION = 5.0;
				TARGETED_DEVICE_FAMILY = "1,2";
				TEST_TARGET_NAME = Test001;
			};
			name = Debug;
		};
		AFD6D3402DB2520E00318758 /* Release */ = {
			isa = XCBuildConfiguration;
			buildSettings = {
				CODE_SIGN_STYLE = Automatic;
				CURRENT_PROJECT_VERSION = 1;
				GENERATE_INFOPLIST_FILE = YES;
				MARKETING_VERSION = 1.0;
				PRODUCT_BUNDLE_IDENTIFIER = com.pcowhill.Test001UITests;
				PRODUCT_NAME = "$(TARGET_NAME)";
				SWIFT_EMIT_LOC_STRINGS = NO;
				SWIFT_VERSION = 5.0;
				TARGETED_DEVICE_FAMILY = "1,2";
				TEST_TARGET_NAME = Test001;
			};
			name = Release;
		};
/* End XCBuildConfiguration section */

/* Begin XCConfigurationList section */
		AFD6D3062DB2520D00318758 /* Build configuration list for PBXProject "Test001" */ = {
			isa = XCConfigurationList;
			buildConfigurations = (
				AFD6D3362DB2520E00318758 /* Debug */,
				AFD6D3372DB2520E00318758 /* Release */,
			);
			defaultConfigurationIsVisible = 0;
			defaultConfigurationName = Release;
		};
		AFD6D3382DB2520E00318758 /* Build configuration list for PBXNativeTarget "Test001" */ = {
			isa = XCConfigurationList;
			buildConfigurations = (
				AFD6D3392DB2520E00318758 /* Debug */,
				AFD6D33A2DB2520E00318758 /* Release */,
			);
			defaultConfigurationIsVisible = 0;
			defaultConfigurationName = Release;
		};
		AFD6D33B2DB2520E00318758 /* Build configuration list for PBXNativeTarget "Test001Tests" */ = {
			isa = XCConfigurationList;
			buildConfigurations = (
				AFD6D33C2DB2520E00318758 /* Debug */,
				AFD6D33D2DB2520E00318758 /* Release */,
			);
			defaultConfigurationIsVisible = 0;
			defaultConfigurationName = Release;
		};
		AFD6D33E2DB2520E00318758 /* Build configuration list for PBXNativeTarget "Test001UITests" */ = {
			isa = XCConfigurationList;
			buildConfigurations = (
				AFD6D33F2DB2520E00318758 /* Debug */,
				AFD6D3402DB2520E00318758 /* Release */,
			);
			defaultConfigurationIsVisible = 0;
			defaultConfigurationName = Release;
		};
/* End XCConfigurationList section */
	};
	rootObject = AFD6D3032DB2520D00318758 /* Project object */;
}
